
Microsoft Visual Studio Solution File, Format Version 12.00
# Visual Studio Version 17
VisualStudioVersion = 17.4.33122.133
MinimumVisualStudioVersion = 10.0.40219.1
Project("{9A19103F-16F7-4668-BE54-9A1E7A4F7556}") = "Vanya.PublicApi", "Vanya.PublicApi\Vanya.PublicApi.csproj", "{5A8CC227-7815-453A-855F-312BCF28AAD2}"
EndProject
Project("{FAE04EC0-301F-11D3-BF4B-00C04F79EFBC}") = "Vanya.Core", "Vanya.Core\Vanya.Core.csproj", "{52438A4C-0D98-4DF8-952A-47AA2748E811}"
EndProject
Project("{FAE04EC0-301F-11D3-BF4B-00C04F79EFBC}") = "Vanya.Application.Contracts", "Vanya.Application.Contracts\Vanya.Application.Contracts.csproj", "{0B66BE52-E728-4876-A6AB-E71F21F5A758}"
EndProject
Project("{FAE04EC0-301F-11D3-BF4B-00C04F79EFBC}") = "Vanya.Application", "Vanya.Application\Vanya.Application.csproj", "{BF3FEC9D-B9A0-4DFB-BC1C-57447214D18F}"
EndProject
Global
	GlobalSection(SolutionConfigurationPlatforms) = preSolution
		Debug|Any CPU = Debug|Any CPU
		Release|Any CPU = Release|Any CPU
	EndGlobalSection
	GlobalSection(ProjectConfigurationPlatforms) = postSolution
		{5A8CC227-7815-453A-855F-312BCF28AAD2}.Debug|Any CPU.ActiveCfg = Debug|Any CPU
		{5A8CC227-7815-453A-855F-312BCF28AAD2}.Debug|Any CPU.Build.0 = Debug|Any CPU
		{5A8CC227-7815-453A-855F-312BCF28AAD2}.Release|Any CPU.ActiveCfg = Release|Any CPU
		{5A8CC227-7815-453A-855F-312BCF28AAD2}.Release|Any CPU.Build.0 = Release|Any CPU
		{52438A4C-0D98-4DF8-952A-47AA2748E811}.Debug|Any CPU.ActiveCfg = Debug|Any CPU
		{52438A4C-0D98-4DF8-952A-47AA2748E811}.Debug|Any CPU.Build.0 = Debug|Any CPU
		{52438A4C-0D98-4DF8-952A-47AA2748E811}.Release|Any CPU.ActiveCfg = Release|Any CPU
		{52438A4C-0D98-4DF8-952A-47AA2748E811}.Release|Any CPU.Build.0 = Release|Any CPU
		{0B66BE52-E728-4876-A6AB-E71F21F5A758}.Debug|Any CPU.ActiveCfg = Debug|Any CPU
		{0B66BE52-E728-4876-A6AB-E71F21F5A758}.Debug|Any CPU.Build.0 = Debug|Any CPU
		{0B66BE52-E728-4876-A6AB-E71F21F5A758}.Release|Any CPU.ActiveCfg = Release|Any CPU
		{0B66BE52-E728-4876-A6AB-E71F21F5A758}.Release|Any CPU.Build.0 = Release|Any CPU
		{BF3FEC9D-B9A0-4DFB-BC1C-57447214D18F}.Debug|Any CPU.ActiveCfg = Debug|Any CPU
		{BF3FEC9D-B9A0-4DFB-BC1C-57447214D18F}.Debug|Any CPU.Build.0 = Debug|Any CPU
		{BF3FEC9D-B9A0-4DFB-BC1C-57447214D18F}.Release|Any CPU.ActiveCfg = Release|Any CPU
		{BF3FEC9D-B9A0-4DFB-BC1C-57447214D18F}.Release|Any CPU.Build.0 = Release|Any CPU
	EndGlobalSection
	GlobalSection(SolutionProperties) = preSolution
		HideSolutionNode = FALSE
	EndGlobalSection
	GlobalSection(ExtensibilityGlobals) = postSolution
		SolutionGuid = {E4594402-C10B-4ECC-86BD-B4C152BD3EF2}
	EndGlobalSection
EndGlobal
